
Microsoft Visual Studio Solution File, Format Version 12.00
# Visual Studio Version 16
VisualStudioVersion = 16.0.31729.503
MinimumVisualStudioVersion = 10.0.40219.1
Project("{9A19103F-16F7-4668-BE54-9A1E7A4F7556}") = "RestApi", "RestApi\RestApi.csproj", "{7FCE324F-511A-41F2-830F-DC6B7C95D118}"
EndProject
Project("{FAE04EC0-301F-11D3-BF4B-00C04F79EFBC}") = "RestApiTests", "RestApiTests\RestApiTests.csproj", "{D8AC4BE2-80F0-4238-9740-774C0EE399A6}"
EndProject
Global
	GlobalSection(SolutionConfigurationPlatforms) = preSolution
		Debug|Any CPU = Debug|Any CPU
		Release|Any CPU = Release|Any CPU
	EndGlobalSection
	GlobalSection(ProjectConfigurationPlatforms) = postSolution
		{7FCE324F-511A-41F2-830F-DC6B7C95D118}.Debug|Any CPU.ActiveCfg = Debug|Any CPU
		{7FCE324F-511A-41F2-830F-DC6B7C95D118}.Debug|Any CPU.Build.0 = Debug|Any CPU
		{7FCE324F-511A-41F2-830F-DC6B7C95D118}.Release|Any CPU.ActiveCfg = Release|Any CPU
		{7FCE324F-511A-41F2-830F-DC6B7C95D118}.Release|Any CPU.Build.0 = Release|Any CPU
		{D8AC4BE2-80F0-4238-9740-774C0EE399A6}.Debug|Any CPU.ActiveCfg = Debug|Any CPU
		{D8AC4BE2-80F0-4238-9740-774C0EE399A6}.Debug|Any CPU.Build.0 = Debug|Any CPU
		{D8AC4BE2-80F0-4238-9740-774C0EE399A6}.Release|Any CPU.ActiveCfg = Release|Any CPU
		{D8AC4BE2-80F0-4238-9740-774C0EE399A6}.Release|Any CPU.Build.0 = Release|Any CPU
	EndGlobalSection
	GlobalSection(SolutionProperties) = preSolution
		HideSolutionNode = FALSE
	EndGlobalSection
	GlobalSection(ExtensibilityGlobals) = postSolution
		SolutionGuid = {CEB30DB4-BD9B-41A2-B529-AA032AE05988}
	EndGlobalSection
EndGlobal
